
Microsoft Visual Studio Solution File, Format Version 12.00
Project("{FAE04EC0-301F-11D3-BF4B-00C04F79EFBC}") = "Tools", "Tools\Tools.csproj", "{300B5E88-BE5A-40A1-809E-7AE72BFED8CA}"
EndProject
Project("{FAE04EC0-301F-11D3-BF4B-00C04F79EFBC}") = "Day_1", "Day_1\Day_1.csproj", "{0B019236-735E-4B40-8CBF-4E1CC4D03B1D}"
EndProject
Project("{FAE04EC0-301F-11D3-BF4B-00C04F79EFBC}") = "Day_2", "Day_2\Day_2.csproj", "{C16E16B0-64A6-4BEB-9F78-DADB232DCBD8}"
EndProject
Project("{FAE04EC0-301F-11D3-BF4B-00C04F79EFBC}") = "Day_4", "Day_4\Day_4.csproj", "{F9E4B14F-AC98-4EB0-9AB5-7B500EBB4072}"
EndProject
Project("{FAE04EC0-301F-11D3-BF4B-00C04F79EFBC}") = "Day_5", "Day_5\Day_5.csproj", "{6C86F36C-4932-43E7-8E1E-1BDBE87217BF}"
EndProject
Project("{FAE04EC0-301F-11D3-BF4B-00C04F79EFBC}") = "Day_6", "Day_6\Day_6.csproj", "{3F5C31AA-E012-4390-9EB6-49255A60B39D}"
EndProject
Project("{FAE04EC0-301F-11D3-BF4B-00C04F79EFBC}") = "Day_8", "Day_8\Day_8.csproj", "{EEE32D54-468A-4B33-ADAF-122150720D15}"
EndProject
Project("{FAE04EC0-301F-11D3-BF4B-00C04F79EFBC}") = "Day_9", "Day_9\Day_9.csproj", "{13863981-EDB8-4641-9127-C2D2D3F11F9B}"
EndProject
Project("{FAE04EC0-301F-11D3-BF4B-00C04F79EFBC}") = "Day_11", "Day_11\Day_11.csproj", "{ABFC928B-0012-421C-A621-8378E46703A0}"
EndProject
Project("{FAE04EC0-301F-11D3-BF4B-00C04F79EFBC}") = "Day_12", "Day_12\Day_12.csproj", "{CB7D44F1-2ED1-4FFF-9146-C6EB02884D32}"
EndProject
Project("{FAE04EC0-301F-11D3-BF4B-00C04F79EFBC}") = "Day_13", "Day_13\Day_13.csproj", "{BA80EB7F-21F0-46EF-ABBA-3BEBA7891787}"
EndProject
Project("{FAE04EC0-301F-11D3-BF4B-00C04F79EFBC}") = "Day_14", "Day_14\Day_14.csproj", "{9C85F786-BB41-434D-AE53-96568F540C73}"
EndProject
Project("{FAE04EC0-301F-11D3-BF4B-00C04F79EFBC}") = "Day_15", "Day_15\Day_15.csproj", "{F41099F5-25B9-4AAC-8A95-EF1CB58D11DF}"
EndProject
Project("{FAE04EC0-301F-11D3-BF4B-00C04F79EFBC}") = "Day_16", "Day_16\Day_16.csproj", "{A4CFBEB2-0C0E-4EDD-BB2F-930D63FAE3DC}"
EndProject
Project("{FAE04EC0-301F-11D3-BF4B-00C04F79EFBC}") = "Day_20", "Day_20\Day_20.csproj", "{CA0EA294-5D37-4606-B339-D9B7C34D81F6}"
EndProject
Global
	GlobalSection(SolutionConfigurationPlatforms) = preSolution
		Debug|Any CPU = Debug|Any CPU
		Release|Any CPU = Release|Any CPU
	EndGlobalSection
	GlobalSection(ProjectConfigurationPlatforms) = postSolution
		{300B5E88-BE5A-40A1-809E-7AE72BFED8CA}.Debug|Any CPU.ActiveCfg = Debug|Any CPU
		{300B5E88-BE5A-40A1-809E-7AE72BFED8CA}.Debug|Any CPU.Build.0 = Debug|Any CPU
		{300B5E88-BE5A-40A1-809E-7AE72BFED8CA}.Release|Any CPU.ActiveCfg = Release|Any CPU
		{300B5E88-BE5A-40A1-809E-7AE72BFED8CA}.Release|Any CPU.Build.0 = Release|Any CPU
		{0B019236-735E-4B40-8CBF-4E1CC4D03B1D}.Debug|Any CPU.ActiveCfg = Debug|Any CPU
		{0B019236-735E-4B40-8CBF-4E1CC4D03B1D}.Debug|Any CPU.Build.0 = Debug|Any CPU
		{0B019236-735E-4B40-8CBF-4E1CC4D03B1D}.Release|Any CPU.ActiveCfg = Release|Any CPU
		{0B019236-735E-4B40-8CBF-4E1CC4D03B1D}.Release|Any CPU.Build.0 = Release|Any CPU
		{C16E16B0-64A6-4BEB-9F78-DADB232DCBD8}.Debug|Any CPU.ActiveCfg = Debug|Any CPU
		{C16E16B0-64A6-4BEB-9F78-DADB232DCBD8}.Debug|Any CPU.Build.0 = Debug|Any CPU
		{C16E16B0-64A6-4BEB-9F78-DADB232DCBD8}.Release|Any CPU.ActiveCfg = Release|Any CPU
		{C16E16B0-64A6-4BEB-9F78-DADB232DCBD8}.Release|Any CPU.Build.0 = Release|Any CPU
		{F9E4B14F-AC98-4EB0-9AB5-7B500EBB4072}.Debug|Any CPU.ActiveCfg = Debug|Any CPU
		{F9E4B14F-AC98-4EB0-9AB5-7B500EBB4072}.Debug|Any CPU.Build.0 = Debug|Any CPU
		{F9E4B14F-AC98-4EB0-9AB5-7B500EBB4072}.Release|Any CPU.ActiveCfg = Release|Any CPU
		{F9E4B14F-AC98-4EB0-9AB5-7B500EBB4072}.Release|Any CPU.Build.0 = Release|Any CPU
		{6C86F36C-4932-43E7-8E1E-1BDBE87217BF}.Debug|Any CPU.ActiveCfg = Debug|Any CPU
		{6C86F36C-4932-43E7-8E1E-1BDBE87217BF}.Debug|Any CPU.Build.0 = Debug|Any CPU
		{6C86F36C-4932-43E7-8E1E-1BDBE87217BF}.Release|Any CPU.ActiveCfg = Release|Any CPU
		{6C86F36C-4932-43E7-8E1E-1BDBE87217BF}.Release|Any CPU.Build.0 = Release|Any CPU
		{3F5C31AA-E012-4390-9EB6-49255A60B39D}.Debug|Any CPU.ActiveCfg = Debug|Any CPU
		{3F5C31AA-E012-4390-9EB6-49255A60B39D}.Debug|Any CPU.Build.0 = Debug|Any CPU
		{3F5C31AA-E012-4390-9EB6-49255A60B39D}.Release|Any CPU.ActiveCfg = Release|Any CPU
		{3F5C31AA-E012-4390-9EB6-49255A60B39D}.Release|Any CPU.Build.0 = Release|Any CPU
		{EEE32D54-468A-4B33-ADAF-122150720D15}.Debug|Any CPU.ActiveCfg = Debug|Any CPU
		{EEE32D54-468A-4B33-ADAF-122150720D15}.Debug|Any CPU.Build.0 = Debug|Any CPU
		{EEE32D54-468A-4B33-ADAF-122150720D15}.Release|Any CPU.ActiveCfg = Release|Any CPU
		{EEE32D54-468A-4B33-ADAF-122150720D15}.Release|Any CPU.Build.0 = Release|Any CPU
		{13863981-EDB8-4641-9127-C2D2D3F11F9B}.Debug|Any CPU.ActiveCfg = Debug|Any CPU
		{13863981-EDB8-4641-9127-C2D2D3F11F9B}.Debug|Any CPU.Build.0 = Debug|Any CPU
		{13863981-EDB8-4641-9127-C2D2D3F11F9B}.Release|Any CPU.ActiveCfg = Release|Any CPU
		{13863981-EDB8-4641-9127-C2D2D3F11F9B}.Release|Any CPU.Build.0 = Release|Any CPU
		{ABFC928B-0012-421C-A621-8378E46703A0}.Debug|Any CPU.ActiveCfg = Debug|Any CPU
		{ABFC928B-0012-421C-A621-8378E46703A0}.Debug|Any CPU.Build.0 = Debug|Any CPU
		{ABFC928B-0012-421C-A621-8378E46703A0}.Release|Any CPU.ActiveCfg = Release|Any CPU
		{ABFC928B-0012-421C-A621-8378E46703A0}.Release|Any CPU.Build.0 = Release|Any CPU
		{CB7D44F1-2ED1-4FFF-9146-C6EB02884D32}.Debug|Any CPU.ActiveCfg = Debug|Any CPU
		{CB7D44F1-2ED1-4FFF-9146-C6EB02884D32}.Debug|Any CPU.Build.0 = Debug|Any CPU
		{CB7D44F1-2ED1-4FFF-9146-C6EB02884D32}.Release|Any CPU.ActiveCfg = Release|Any CPU
		{CB7D44F1-2ED1-4FFF-9146-C6EB02884D32}.Release|Any CPU.Build.0 = Release|Any CPU
		{BA80EB7F-21F0-46EF-ABBA-3BEBA7891787}.Debug|Any CPU.ActiveCfg = Debug|Any CPU
		{BA80EB7F-21F0-46EF-ABBA-3BEBA7891787}.Debug|Any CPU.Build.0 = Debug|Any CPU
		{BA80EB7F-21F0-46EF-ABBA-3BEBA7891787}.Release|Any CPU.ActiveCfg = Release|Any CPU
		{BA80EB7F-21F0-46EF-ABBA-3BEBA7891787}.Release|Any CPU.Build.0 = Release|Any CPU
		{9C85F786-BB41-434D-AE53-96568F540C73}.Debug|Any CPU.ActiveCfg = Debug|Any CPU
		{9C85F786-BB41-434D-AE53-96568F540C73}.Debug|Any CPU.Build.0 = Debug|Any CPU
		{9C85F786-BB41-434D-AE53-96568F540C73}.Release|Any CPU.ActiveCfg = Release|Any CPU
		{9C85F786-BB41-434D-AE53-96568F540C73}.Release|Any CPU.Build.0 = Release|Any CPU
		{F41099F5-25B9-4AAC-8A95-EF1CB58D11DF}.Debug|Any CPU.ActiveCfg = Debug|Any CPU
		{F41099F5-25B9-4AAC-8A95-EF1CB58D11DF}.Debug|Any CPU.Build.0 = Debug|Any CPU
		{F41099F5-25B9-4AAC-8A95-EF1CB58D11DF}.Release|Any CPU.ActiveCfg = Release|Any CPU
		{F41099F5-25B9-4AAC-8A95-EF1CB58D11DF}.Release|Any CPU.Build.0 = Release|Any CPU
		{A4CFBEB2-0C0E-4EDD-BB2F-930D63FAE3DC}.Debug|Any CPU.ActiveCfg = Debug|Any CPU
		{A4CFBEB2-0C0E-4EDD-BB2F-930D63FAE3DC}.Debug|Any CPU.Build.0 = Debug|Any CPU
		{A4CFBEB2-0C0E-4EDD-BB2F-930D63FAE3DC}.Release|Any CPU.ActiveCfg = Release|Any CPU
		{A4CFBEB2-0C0E-4EDD-BB2F-930D63FAE3DC}.Release|Any CPU.Build.0 = Release|Any CPU
		{CA0EA294-5D37-4606-B339-D9B7C34D81F6}.Debug|Any CPU.ActiveCfg = Debug|Any CPU
		{CA0EA294-5D37-4606-B339-D9B7C34D81F6}.Debug|Any CPU.Build.0 = Debug|Any CPU
		{CA0EA294-5D37-4606-B339-D9B7C34D81F6}.Release|Any CPU.ActiveCfg = Release|Any CPU
		{CA0EA294-5D37-4606-B339-D9B7C34D81F6}.Release|Any CPU.Build.0 = Release|Any CPU
	EndGlobalSection
EndGlobal
