
Microsoft Visual Studio Solution File, Format Version 12.00
Project("{FAE04EC0-301F-11D3-BF4B-00C04F79EFBC}") = "Tools", "Tools\Tools.csproj", "{300B5E88-BE5A-40A1-809E-7AE72BFED8CA}"
EndProject
Project("{FAE04EC0-301F-11D3-BF4B-00C04F79EFBC}") = "Day_1", "Day_1\Day_1.csproj", "{0B019236-735E-4B40-8CBF-4E1CC4D03B1D}"
EndProject
Project("{FAE04EC0-301F-11D3-BF4B-00C04F79EFBC}") = "Day_2", "Day_2\Day_2.csproj", "{C16E16B0-64A6-4BEB-9F78-DADB232DCBD8}"
EndProject
Project("{FAE04EC0-301F-11D3-BF4B-00C04F79EFBC}") = "Day_4", "Day_4\Day_4.csproj", "{F9E4B14F-AC98-4EB0-9AB5-7B500EBB4072}"
EndProject
Global
	GlobalSection(SolutionConfigurationPlatforms) = preSolution
		Debug|Any CPU = Debug|Any CPU
		Release|Any CPU = Release|Any CPU
	EndGlobalSection
	GlobalSection(ProjectConfigurationPlatforms) = postSolution
		{300B5E88-BE5A-40A1-809E-7AE72BFED8CA}.Debug|Any CPU.ActiveCfg = Debug|Any CPU
		{300B5E88-BE5A-40A1-809E-7AE72BFED8CA}.Debug|Any CPU.Build.0 = Debug|Any CPU
		{300B5E88-BE5A-40A1-809E-7AE72BFED8CA}.Release|Any CPU.ActiveCfg = Release|Any CPU
		{300B5E88-BE5A-40A1-809E-7AE72BFED8CA}.Release|Any CPU.Build.0 = Release|Any CPU
		{0B019236-735E-4B40-8CBF-4E1CC4D03B1D}.Debug|Any CPU.ActiveCfg = Debug|Any CPU
		{0B019236-735E-4B40-8CBF-4E1CC4D03B1D}.Debug|Any CPU.Build.0 = Debug|Any CPU
		{0B019236-735E-4B40-8CBF-4E1CC4D03B1D}.Release|Any CPU.ActiveCfg = Release|Any CPU
		{0B019236-735E-4B40-8CBF-4E1CC4D03B1D}.Release|Any CPU.Build.0 = Release|Any CPU
		{C16E16B0-64A6-4BEB-9F78-DADB232DCBD8}.Debug|Any CPU.ActiveCfg = Debug|Any CPU
		{C16E16B0-64A6-4BEB-9F78-DADB232DCBD8}.Debug|Any CPU.Build.0 = Debug|Any CPU
		{C16E16B0-64A6-4BEB-9F78-DADB232DCBD8}.Release|Any CPU.ActiveCfg = Release|Any CPU
		{C16E16B0-64A6-4BEB-9F78-DADB232DCBD8}.Release|Any CPU.Build.0 = Release|Any CPU
		{F9E4B14F-AC98-4EB0-9AB5-7B500EBB4072}.Debug|Any CPU.ActiveCfg = Debug|Any CPU
		{F9E4B14F-AC98-4EB0-9AB5-7B500EBB4072}.Debug|Any CPU.Build.0 = Debug|Any CPU
		{F9E4B14F-AC98-4EB0-9AB5-7B500EBB4072}.Release|Any CPU.ActiveCfg = Release|Any CPU
		{F9E4B14F-AC98-4EB0-9AB5-7B500EBB4072}.Release|Any CPU.Build.0 = Release|Any CPU
	EndGlobalSection
EndGlobal
